
Microsoft Visual Studio Solution File, Format Version 12.00
# Visual Studio Version 17
VisualStudioVersion = 17.9.34723.18
MinimumVisualStudioVersion = 10.0.40219.1
Project("{FAE04EC0-301F-11D3-BF4B-00C04F79EFBC}") = "QuizProtop", "QuizProtop\QuizProtop.csproj", "{350CE20C-FAB9-4C3A-905C-96B185A1AC9D}"
EndProject
Global
	GlobalSection(SolutionConfigurationPlatforms) = preSolution
		Debug|Any CPU = Debug|Any CPU
		Release|Any CPU = Release|Any CPU
	EndGlobalSection
	GlobalSection(ProjectConfigurationPlatforms) = postSolution
		{350CE20C-FAB9-4C3A-905C-96B185A1AC9D}.Debug|Any CPU.ActiveCfg = Debug|Any CPU
		{350CE20C-FAB9-4C3A-905C-96B185A1AC9D}.Debug|Any CPU.Build.0 = Debug|Any CPU
		{350CE20C-FAB9-4C3A-905C-96B185A1AC9D}.Release|Any CPU.ActiveCfg = Release|Any CPU
		{350CE20C-FAB9-4C3A-905C-96B185A1AC9D}.Release|Any CPU.Build.0 = Release|Any CPU
	EndGlobalSection
	GlobalSection(SolutionProperties) = preSolution
		HideSolutionNode = FALSE
	EndGlobalSection
	GlobalSection(ExtensibilityGlobals) = postSolution
		SolutionGuid = {91E450B4-0A07-4489-A53B-3BC8DCAD9559}
	EndGlobalSection
EndGlobal
